
Microsoft Visual Studio Solution File, Format Version 12.00
# Visual Studio 14
VisualStudioVersion = 14.0.25420.1
MinimumVisualStudioVersion = 10.0.40219.1
Project("{2150E333-8FDC-42A3-9474-1A3956D46DE8}") = "Send", "Send", "{6A6ADB41-CEC1-422A-B4CF-FD183A30C7C4}"
EndProject
Project("{2150E333-8FDC-42A3-9474-1A3956D46DE8}") = "Receive", "Receive", "{15697603-5B02-4A4E-9B9C-0E840A378E67}"
EndProject
Project("{FAE04EC0-301F-11D3-BF4B-00C04F79EFBC}") = "Send", "Send\Send.csproj", "{7956FB5A-F166-4AD2-A230-35947A73B335}"
EndProject
Project("{FAE04EC0-301F-11D3-BF4B-00C04F79EFBC}") = "Receive", "Receive\Receive.csproj", "{78B66DB1-6E87-4960-A26D-0D22061ABDB2}"
EndProject
Project("{2150E333-8FDC-42A3-9474-1A3956D46DE8}") = "NewTask", "NewTask", "{89DA502B-981E-477B-962E-FDFE44B1B610}"
EndProject
Project("{FAE04EC0-301F-11D3-BF4B-00C04F79EFBC}") = "NewTask", "NewTask\NewTask.csproj", "{CE7FE42C-59F6-4AD6-B756-C264BD6D40CA}"
EndProject
Project("{2150E333-8FDC-42A3-9474-1A3956D46DE8}") = "Worker", "Worker", "{F139C912-8716-40D0-B884-A997DE2370E1}"
EndProject
Project("{FAE04EC0-301F-11D3-BF4B-00C04F79EFBC}") = "Worker", "Worker\Worker.csproj", "{42F6841F-81BC-4C6E-9468-A2199CB284C8}"
EndProject
Project("{2150E333-8FDC-42A3-9474-1A3956D46DE8}") = "Common", "Common", "{4059B1CD-B495-4EDB-8EF4-1BE57FB4979F}"
EndProject
Project("{FAE04EC0-301F-11D3-BF4B-00C04F79EFBC}") = "Common", "Common\Common.csproj", "{37E809A2-C818-4D6E-8E1F-6BBA449A9621}"
EndProject
Project("{2150E333-8FDC-42A3-9474-1A3956D46DE8}") = "EmitLog", "EmitLog", "{B7D05805-B138-4824-82E1-8B4CE3B6CF36}"
EndProject
Project("{FAE04EC0-301F-11D3-BF4B-00C04F79EFBC}") = "EmitLog", "EmitLog\EmitLog.csproj", "{6E45CADD-4867-4800-A286-D3A2A76F664D}"
EndProject
Project("{2150E333-8FDC-42A3-9474-1A3956D46DE8}") = "ReceiveLogs", "ReceiveLogs", "{CE7CFE49-976E-4E93-8DB1-50C62CC1F16D}"
EndProject
Project("{FAE04EC0-301F-11D3-BF4B-00C04F79EFBC}") = "ReceiveLogs", "ReceiveLogs\ReceiveLogs.csproj", "{5C54A5A0-1ECF-45B6-8B7F-2260886F6982}"
EndProject
Project("{2150E333-8FDC-42A3-9474-1A3956D46DE8}") = "EmitLogDirect", "EmitLogDirect", "{5C747801-4927-45C9-BB86-753BD58E2DC3}"
EndProject
Project("{FAE04EC0-301F-11D3-BF4B-00C04F79EFBC}") = "EmitLogDirect", "EmitLogDirect\EmitLogDirect.csproj", "{2B4D2979-4A24-464B-86FC-A511AE4DE002}"
EndProject
Project("{2150E333-8FDC-42A3-9474-1A3956D46DE8}") = "ReceiveLogsDirect", "ReceiveLogsDirect", "{B308AC23-F08F-4B92-A4CE-AE67A27D0BBB}"
EndProject
Project("{FAE04EC0-301F-11D3-BF4B-00C04F79EFBC}") = "ReceiveLogsDirect", "ReceiveLogsDirect\ReceiveLogsDirect.csproj", "{85E48273-1ECB-42C0-AFB8-C02D647F5E5B}"
EndProject
Project("{2150E333-8FDC-42A3-9474-1A3956D46DE8}") = "EmitLogTopic", "EmitLogTopic", "{318897A2-DEBD-4A34-A5D5-145D9218809F}"
EndProject
Project("{2150E333-8FDC-42A3-9474-1A3956D46DE8}") = "ReceiveLogsTopic", "ReceiveLogsTopic", "{CDE9530F-7865-476A-A785-5AA86100FF13}"
EndProject
Project("{FAE04EC0-301F-11D3-BF4B-00C04F79EFBC}") = "EmitLogTopic", "EmitLogTopic\EmitLogTopic.csproj", "{30DC3FC1-9EFC-4840-B66E-3EE3D4D69F94}"
EndProject
Project("{FAE04EC0-301F-11D3-BF4B-00C04F79EFBC}") = "ReceiveLogsTopic", "ReceiveLogsTopic\ReceiveLogsTopic.csproj", "{A1726395-CAF4-4142-90E4-CAE87ADF57B4}"
EndProject
Project("{2150E333-8FDC-42A3-9474-1A3956D46DE8}") = "RPCServer", "RPCServer", "{0E5F8B38-9FB5-4CE5-B533-1E9ADC34F4F0}"
EndProject
Project("{FAE04EC0-301F-11D3-BF4B-00C04F79EFBC}") = "RPCServer", "RPCServer\RPCServer.csproj", "{70CBE7E4-ED02-4A1D-8A24-16E37C21D516}"
EndProject
Project("{2150E333-8FDC-42A3-9474-1A3956D46DE8}") = "RPCClient", "RPCClient", "{D07CC057-68B1-4441-B75D-4C3597932408}"
EndProject
Project("{FAE04EC0-301F-11D3-BF4B-00C04F79EFBC}") = "RPCClient", "RPCClient\RPCClient.csproj", "{CDA18DA2-1CD9-4F76-BA20-2ACD0D4D3C98}"
EndProject
Global
	GlobalSection(SolutionConfigurationPlatforms) = preSolution
		Debug|Any CPU = Debug|Any CPU
		Release|Any CPU = Release|Any CPU
	EndGlobalSection
	GlobalSection(ProjectConfigurationPlatforms) = postSolution
		{7956FB5A-F166-4AD2-A230-35947A73B335}.Debug|Any CPU.ActiveCfg = Debug|Any CPU
		{7956FB5A-F166-4AD2-A230-35947A73B335}.Debug|Any CPU.Build.0 = Debug|Any CPU
		{7956FB5A-F166-4AD2-A230-35947A73B335}.Release|Any CPU.ActiveCfg = Release|Any CPU
		{7956FB5A-F166-4AD2-A230-35947A73B335}.Release|Any CPU.Build.0 = Release|Any CPU
		{78B66DB1-6E87-4960-A26D-0D22061ABDB2}.Debug|Any CPU.ActiveCfg = Debug|Any CPU
		{78B66DB1-6E87-4960-A26D-0D22061ABDB2}.Debug|Any CPU.Build.0 = Debug|Any CPU
		{78B66DB1-6E87-4960-A26D-0D22061ABDB2}.Release|Any CPU.ActiveCfg = Release|Any CPU
		{78B66DB1-6E87-4960-A26D-0D22061ABDB2}.Release|Any CPU.Build.0 = Release|Any CPU
		{CE7FE42C-59F6-4AD6-B756-C264BD6D40CA}.Debug|Any CPU.ActiveCfg = Debug|Any CPU
		{CE7FE42C-59F6-4AD6-B756-C264BD6D40CA}.Debug|Any CPU.Build.0 = Debug|Any CPU
		{CE7FE42C-59F6-4AD6-B756-C264BD6D40CA}.Release|Any CPU.ActiveCfg = Release|Any CPU
		{CE7FE42C-59F6-4AD6-B756-C264BD6D40CA}.Release|Any CPU.Build.0 = Release|Any CPU
		{42F6841F-81BC-4C6E-9468-A2199CB284C8}.Debug|Any CPU.ActiveCfg = Debug|Any CPU
		{42F6841F-81BC-4C6E-9468-A2199CB284C8}.Debug|Any CPU.Build.0 = Debug|Any CPU
		{42F6841F-81BC-4C6E-9468-A2199CB284C8}.Release|Any CPU.ActiveCfg = Release|Any CPU
		{42F6841F-81BC-4C6E-9468-A2199CB284C8}.Release|Any CPU.Build.0 = Release|Any CPU
		{37E809A2-C818-4D6E-8E1F-6BBA449A9621}.Debug|Any CPU.ActiveCfg = Debug|Any CPU
		{37E809A2-C818-4D6E-8E1F-6BBA449A9621}.Debug|Any CPU.Build.0 = Debug|Any CPU
		{37E809A2-C818-4D6E-8E1F-6BBA449A9621}.Release|Any CPU.ActiveCfg = Release|Any CPU
		{37E809A2-C818-4D6E-8E1F-6BBA449A9621}.Release|Any CPU.Build.0 = Release|Any CPU
		{6E45CADD-4867-4800-A286-D3A2A76F664D}.Debug|Any CPU.ActiveCfg = Debug|Any CPU
		{6E45CADD-4867-4800-A286-D3A2A76F664D}.Debug|Any CPU.Build.0 = Debug|Any CPU
		{6E45CADD-4867-4800-A286-D3A2A76F664D}.Release|Any CPU.ActiveCfg = Release|Any CPU
		{6E45CADD-4867-4800-A286-D3A2A76F664D}.Release|Any CPU.Build.0 = Release|Any CPU
		{5C54A5A0-1ECF-45B6-8B7F-2260886F6982}.Debug|Any CPU.ActiveCfg = Debug|Any CPU
		{5C54A5A0-1ECF-45B6-8B7F-2260886F6982}.Debug|Any CPU.Build.0 = Debug|Any CPU
		{5C54A5A0-1ECF-45B6-8B7F-2260886F6982}.Release|Any CPU.ActiveCfg = Release|Any CPU
		{5C54A5A0-1ECF-45B6-8B7F-2260886F6982}.Release|Any CPU.Build.0 = Release|Any CPU
		{2B4D2979-4A24-464B-86FC-A511AE4DE002}.Debug|Any CPU.ActiveCfg = Debug|Any CPU
		{2B4D2979-4A24-464B-86FC-A511AE4DE002}.Debug|Any CPU.Build.0 = Debug|Any CPU
		{2B4D2979-4A24-464B-86FC-A511AE4DE002}.Release|Any CPU.ActiveCfg = Release|Any CPU
		{2B4D2979-4A24-464B-86FC-A511AE4DE002}.Release|Any CPU.Build.0 = Release|Any CPU
		{85E48273-1ECB-42C0-AFB8-C02D647F5E5B}.Debug|Any CPU.ActiveCfg = Debug|Any CPU
		{85E48273-1ECB-42C0-AFB8-C02D647F5E5B}.Debug|Any CPU.Build.0 = Debug|Any CPU
		{85E48273-1ECB-42C0-AFB8-C02D647F5E5B}.Release|Any CPU.ActiveCfg = Release|Any CPU
		{85E48273-1ECB-42C0-AFB8-C02D647F5E5B}.Release|Any CPU.Build.0 = Release|Any CPU
		{30DC3FC1-9EFC-4840-B66E-3EE3D4D69F94}.Debug|Any CPU.ActiveCfg = Debug|Any CPU
		{30DC3FC1-9EFC-4840-B66E-3EE3D4D69F94}.Debug|Any CPU.Build.0 = Debug|Any CPU
		{30DC3FC1-9EFC-4840-B66E-3EE3D4D69F94}.Release|Any CPU.ActiveCfg = Release|Any CPU
		{30DC3FC1-9EFC-4840-B66E-3EE3D4D69F94}.Release|Any CPU.Build.0 = Release|Any CPU
		{A1726395-CAF4-4142-90E4-CAE87ADF57B4}.Debug|Any CPU.ActiveCfg = Debug|Any CPU
		{A1726395-CAF4-4142-90E4-CAE87ADF57B4}.Debug|Any CPU.Build.0 = Debug|Any CPU
		{A1726395-CAF4-4142-90E4-CAE87ADF57B4}.Release|Any CPU.ActiveCfg = Release|Any CPU
		{A1726395-CAF4-4142-90E4-CAE87ADF57B4}.Release|Any CPU.Build.0 = Release|Any CPU
		{70CBE7E4-ED02-4A1D-8A24-16E37C21D516}.Debug|Any CPU.ActiveCfg = Debug|Any CPU
		{70CBE7E4-ED02-4A1D-8A24-16E37C21D516}.Debug|Any CPU.Build.0 = Debug|Any CPU
		{70CBE7E4-ED02-4A1D-8A24-16E37C21D516}.Release|Any CPU.ActiveCfg = Release|Any CPU
		{70CBE7E4-ED02-4A1D-8A24-16E37C21D516}.Release|Any CPU.Build.0 = Release|Any CPU
		{CDA18DA2-1CD9-4F76-BA20-2ACD0D4D3C98}.Debug|Any CPU.ActiveCfg = Debug|Any CPU
		{CDA18DA2-1CD9-4F76-BA20-2ACD0D4D3C98}.Debug|Any CPU.Build.0 = Debug|Any CPU
		{CDA18DA2-1CD9-4F76-BA20-2ACD0D4D3C98}.Release|Any CPU.ActiveCfg = Release|Any CPU
		{CDA18DA2-1CD9-4F76-BA20-2ACD0D4D3C98}.Release|Any CPU.Build.0 = Release|Any CPU
	EndGlobalSection
	GlobalSection(SolutionProperties) = preSolution
		HideSolutionNode = FALSE
	EndGlobalSection
	GlobalSection(NestedProjects) = preSolution
		{7956FB5A-F166-4AD2-A230-35947A73B335} = {6A6ADB41-CEC1-422A-B4CF-FD183A30C7C4}
		{78B66DB1-6E87-4960-A26D-0D22061ABDB2} = {15697603-5B02-4A4E-9B9C-0E840A378E67}
		{CE7FE42C-59F6-4AD6-B756-C264BD6D40CA} = {89DA502B-981E-477B-962E-FDFE44B1B610}
		{42F6841F-81BC-4C6E-9468-A2199CB284C8} = {F139C912-8716-40D0-B884-A997DE2370E1}
		{37E809A2-C818-4D6E-8E1F-6BBA449A9621} = {4059B1CD-B495-4EDB-8EF4-1BE57FB4979F}
		{6E45CADD-4867-4800-A286-D3A2A76F664D} = {B7D05805-B138-4824-82E1-8B4CE3B6CF36}
		{5C54A5A0-1ECF-45B6-8B7F-2260886F6982} = {CE7CFE49-976E-4E93-8DB1-50C62CC1F16D}
		{2B4D2979-4A24-464B-86FC-A511AE4DE002} = {5C747801-4927-45C9-BB86-753BD58E2DC3}
		{85E48273-1ECB-42C0-AFB8-C02D647F5E5B} = {B308AC23-F08F-4B92-A4CE-AE67A27D0BBB}
		{30DC3FC1-9EFC-4840-B66E-3EE3D4D69F94} = {318897A2-DEBD-4A34-A5D5-145D9218809F}
		{A1726395-CAF4-4142-90E4-CAE87ADF57B4} = {CDE9530F-7865-476A-A785-5AA86100FF13}
		{70CBE7E4-ED02-4A1D-8A24-16E37C21D516} = {0E5F8B38-9FB5-4CE5-B533-1E9ADC34F4F0}
		{CDA18DA2-1CD9-4F76-BA20-2ACD0D4D3C98} = {D07CC057-68B1-4441-B75D-4C3597932408}
	EndGlobalSection
EndGlobal
